Microsoft Visual Studio Solution File, Format Version 12.00
# Visual Studio Version 17
VisualStudioVersion = 17.5.2.0
MinimumVisualStudioVersion = 10.0.40219.1
Project("{FAE04EC0-301F-11D3-BF4B-00C04F79EFBC}") = "MultiplayerGameApi", "MultiplayerGameApi.csproj", "{E839E399-6F04-B6CE-F6F1-54351950AAB4}"
EndProject
Global
	GlobalSection(SolutionConfigurationPlatforms) = preSolution
		Debug|Any CPU = Debug|Any CPU
		Release|Any CPU = Release|Any CPU
	EndGlobalSection
	GlobalSection(ProjectConfigurationPlatforms) = postSolution
		{E839E399-6F04-B6CE-F6F1-54351950AAB4}.Debug|Any CPU.ActiveCfg = Debug|Any CPU
		{E839E399-6F04-B6CE-F6F1-54351950AAB4}.Debug|Any CPU.Build.0 = Debug|Any CPU
		{E839E399-6F04-B6CE-F6F1-54351950AAB4}.Release|Any CPU.ActiveCfg = Release|Any CPU
		{E839E399-6F04-B6CE-F6F1-54351950AAB4}.Release|Any CPU.Build.0 = Release|Any CPU
	EndGlobalSection
	GlobalSection(SolutionProperties) = preSolution
		HideSolutionNode = FALSE
	EndGlobalSection
	GlobalSection(ExtensibilityGlobals) = postSolution
		SolutionGuid = {CE0D9854-5A91-473F-BBB7-F6DC6B8A326E}
	EndGlobalSection
EndGlobal
